PODS:
  - AFNetworking (4.0.1):
    - AFNetworking/NSURLSession (= 4.0.1)
    - AFNetworking/Reachability (= 4.0.1)
    - AFNetworking/Security (= 4.0.1)
    - AFNetworking/Serialization (= 4.0.1)
    - AFNetworking/UIKit (= 4.0.1)
  - AFNetworking/NSURLSession (4.0.1):
    - AFNetworking/Reachability
    - AFNetworking/Security
    - AFNetworking/Serialization
  - AFNetworking/Reachability (4.0.1)
  - AFNetworking/Security (4.0.1)
  - AFNetworking/Serialization (4.0.1)
  - AFNetworking/UIKit (4.0.1):
    - AFNetworking/NSURLSession
  - GKCycleScrollView (0.0.5)
  - GKNavigationBarViewController (2.5.0)
  - JXCategoryView (1.5.5)
  - Masonry (1.1.0)
  - MJRefresh (3.4.3)
  - SDWebImage (5.8.1):
    - SDWebImage/Core (= 5.8.1)
  - SDWebImage/Core (5.8.1)
  - YYModel (1.0.4)

DEPENDENCIES:
  - AFNetworking
  - GKCycleScrollView
  - GKNavigationBarViewController
  - JXCategoryView
  - Masonry
  - MJRefresh
  - SDWebImage
  - YYModel

SPEC REPOS:
  trunk:
    - AFNetworking
    - GKCycleScrollView
    - GKNavigationBarViewController
    - JXCategoryView
    - Masonry
    - MJRefresh
    - SDWebImage
    - YYModel

SPEC CHECKSUMS:
  AFNetworking: 7864c38297c79aaca1500c33288e429c3451fdce
  GKCycleScrollView: 8de14b020ba104e9b252425c5c3535ec645b471d
  GKNavigationBarViewController: 98e7c81695a2e4735ef9d5682303834866ba66f9
  JXCategoryView: 0293fcb356f10a5c2e679dac0a1a5f1899ee0c87
  Masonry: 678fab65091a9290e40e2832a55e7ab731aad201
  MJRefresh: 53e3e3219f204425ee6d3e62e8733d3295944cd6
  SDWebImage: e3eae2eda88578db0685a0c88597fdadd9433f05
  YYModel: 2a7fdd96aaa4b86a824e26d0c517de8928c04b30

PODFILE CHECKSUM: 48411b7883561521733deded891e3bd2a55f7665

COCOAPODS: 1.9.3
